
Microsoft Visual Studio Solution File, Format Version 12.00
# Visual Studio Version 16
VisualStudioVersion = 16.0.28803.352
MinimumVisualStudioVersion = 10.0.40219.1
Project("{2150E333-8FDC-42A3-9474-1A3956D46DE8}") = "Application", "Application", "{7CD4D4BD-715E-4B55-92D7-CF9B8E773A39}"
EndProject
Project("{2150E333-8FDC-42A3-9474-1A3956D46DE8}") = "Domain", "Domain", "{B58DEE32-0276-4015-9716-8ECF9584A9DC}"
EndProject
Project("{9A19103F-16F7-4668-BE54-9A1E7A4F7556}") = "Domain", "Domain\Domain\Domain.csproj", "{0C5DEACA-2109-4F8E-B0C8-0493A0A5AE8D}"
EndProject
Project("{2150E333-8FDC-42A3-9474-1A3956D46DE8}") = "Infra", "Infra", "{D9C84DA3-1D01-4EB1-979B-58988FE6B89D}"
EndProject
Project("{2150E333-8FDC-42A3-9474-1A3956D46DE8}") = "Data", "Data", "{5FEC4DBD-2091-427D-B549-30705BFB925E}"
EndProject
Project("{9A19103F-16F7-4668-BE54-9A1E7A4F7556}") = "Data", "Infra\Data\Data\Data.csproj", "{188B3978-1C0A-4BE1-9C23-033FFC2BB91D}"
EndProject
Project("{2150E333-8FDC-42A3-9474-1A3956D46DE8}") = "CrossCutting", "CrossCutting", "{F6CC64B9-622E-4448-BA50-3079E6CD9159}"
EndProject
Project("{9A19103F-16F7-4668-BE54-9A1E7A4F7556}") = "CrossCutting", "Infra\CrossCutting\CrossCutting\CrossCutting.csproj", "{3126F21B-39D6-4A7E-A377-434A4409A28F}"
EndProject
Project("{2150E333-8FDC-42A3-9474-1A3956D46DE8}") = "Service", "Service", "{B8295A78-910F-48E4-8AAD-4D4CF4A61168}"
EndProject
Project("{9A19103F-16F7-4668-BE54-9A1E7A4F7556}") = "Service", "Service\Service\Service.csproj", "{D2CA78A6-90D4-46DC-9C78-146FB999335F}"
EndProject
Project("{2150E333-8FDC-42A3-9474-1A3956D46DE8}") = "Tests", "Tests", "{B2132D7A-627B-4ADD-A93A-723AB3FA691E}"
EndProject
Project("{9A19103F-16F7-4668-BE54-9A1E7A4F7556}") = "Tests", "Tests\Tests\Tests.csproj", "{F70F0257-04CE-442A-A2E9-5AC5F6A03A5E}"
EndProject
Project("{FAE04EC0-301F-11D3-BF4B-00C04F79EFBC}") = "API", "Application\API\API.csproj", "{BC4804F2-E526-4DC8-8531-8C6FE3AAF34F}"
EndProject
Global
	GlobalSection(SolutionConfigurationPlatforms) = preSolution
		Debug|Any CPU = Debug|Any CPU
		Release|Any CPU = Release|Any CPU
	EndGlobalSection
	GlobalSection(ProjectConfigurationPlatforms) = postSolution
		{0C5DEACA-2109-4F8E-B0C8-0493A0A5AE8D}.Debug|Any CPU.ActiveCfg = Debug|Any CPU
		{0C5DEACA-2109-4F8E-B0C8-0493A0A5AE8D}.Debug|Any CPU.Build.0 = Debug|Any CPU
		{0C5DEACA-2109-4F8E-B0C8-0493A0A5AE8D}.Release|Any CPU.ActiveCfg = Release|Any CPU
		{0C5DEACA-2109-4F8E-B0C8-0493A0A5AE8D}.Release|Any CPU.Build.0 = Release|Any CPU
		{188B3978-1C0A-4BE1-9C23-033FFC2BB91D}.Debug|Any CPU.ActiveCfg = Debug|Any CPU
		{188B3978-1C0A-4BE1-9C23-033FFC2BB91D}.Debug|Any CPU.Build.0 = Debug|Any CPU
		{188B3978-1C0A-4BE1-9C23-033FFC2BB91D}.Release|Any CPU.ActiveCfg = Release|Any CPU
		{188B3978-1C0A-4BE1-9C23-033FFC2BB91D}.Release|Any CPU.Build.0 = Release|Any CPU
		{3126F21B-39D6-4A7E-A377-434A4409A28F}.Debug|Any CPU.ActiveCfg = Debug|Any CPU
		{3126F21B-39D6-4A7E-A377-434A4409A28F}.Debug|Any CPU.Build.0 = Debug|Any CPU
		{3126F21B-39D6-4A7E-A377-434A4409A28F}.Release|Any CPU.ActiveCfg = Release|Any CPU
		{3126F21B-39D6-4A7E-A377-434A4409A28F}.Release|Any CPU.Build.0 = Release|Any CPU
		{D2CA78A6-90D4-46DC-9C78-146FB999335F}.Debug|Any CPU.ActiveCfg = Debug|Any CPU
		{D2CA78A6-90D4-46DC-9C78-146FB999335F}.Debug|Any CPU.Build.0 = Debug|Any CPU
		{D2CA78A6-90D4-46DC-9C78-146FB999335F}.Release|Any CPU.ActiveCfg = Release|Any CPU
		{D2CA78A6-90D4-46DC-9C78-146FB999335F}.Release|Any CPU.Build.0 = Release|Any CPU
		{F70F0257-04CE-442A-A2E9-5AC5F6A03A5E}.Debug|Any CPU.ActiveCfg = Debug|Any CPU
		{F70F0257-04CE-442A-A2E9-5AC5F6A03A5E}.Debug|Any CPU.Build.0 = Debug|Any CPU
		{F70F0257-04CE-442A-A2E9-5AC5F6A03A5E}.Release|Any CPU.ActiveCfg = Release|Any CPU
		{F70F0257-04CE-442A-A2E9-5AC5F6A03A5E}.Release|Any CPU.Build.0 = Release|Any CPU
		{BC4804F2-E526-4DC8-8531-8C6FE3AAF34F}.Debug|Any CPU.ActiveCfg = Debug|Any CPU
		{BC4804F2-E526-4DC8-8531-8C6FE3AAF34F}.Debug|Any CPU.Build.0 = Debug|Any CPU
		{BC4804F2-E526-4DC8-8531-8C6FE3AAF34F}.Release|Any CPU.ActiveCfg = Release|Any CPU
		{BC4804F2-E526-4DC8-8531-8C6FE3AAF34F}.Release|Any CPU.Build.0 = Release|Any CPU
	EndGlobalSection
	GlobalSection(SolutionProperties) = preSolution
		HideSolutionNode = FALSE
	EndGlobalSection
	GlobalSection(NestedProjects) = preSolution
		{0C5DEACA-2109-4F8E-B0C8-0493A0A5AE8D} = {B58DEE32-0276-4015-9716-8ECF9584A9DC}
		{5FEC4DBD-2091-427D-B549-30705BFB925E} = {D9C84DA3-1D01-4EB1-979B-58988FE6B89D}
		{188B3978-1C0A-4BE1-9C23-033FFC2BB91D} = {5FEC4DBD-2091-427D-B549-30705BFB925E}
		{F6CC64B9-622E-4448-BA50-3079E6CD9159} = {D9C84DA3-1D01-4EB1-979B-58988FE6B89D}
		{3126F21B-39D6-4A7E-A377-434A4409A28F} = {F6CC64B9-622E-4448-BA50-3079E6CD9159}
		{D2CA78A6-90D4-46DC-9C78-146FB999335F} = {B8295A78-910F-48E4-8AAD-4D4CF4A61168}
		{F70F0257-04CE-442A-A2E9-5AC5F6A03A5E} = {B2132D7A-627B-4ADD-A93A-723AB3FA691E}
		{BC4804F2-E526-4DC8-8531-8C6FE3AAF34F} = {7CD4D4BD-715E-4B55-92D7-CF9B8E773A39}
	EndGlobalSection
	GlobalSection(ExtensibilityGlobals) = postSolution
		SolutionGuid = {ECA1348E-B1E0-402C-8BD8-A0C75D1481ED}
	EndGlobalSection
EndGlobal
